// !$*UTF8*$!
{
	archiveVersion = 1;
	classes = {
	};
	objectVersion = 56;
	objects = {

/* Begin PBXBuildFile section */
		BF0001 /* AppDelegate.swift in Sources */ = {isa = PBXBuildFile; fileRef = FR0001 /* AppDelegate.swift */; };
		BF0002 /* Constants.swift in Sources */ = {isa = PBXBuildFile; fileRef = FR0002 /* Constants.swift */; };
		BF0101 /* Action.swift in Sources */ = {isa = PBXBuildFile; fileRef = FR0101 /* Action.swift */; };
		BF0102 /* AppMode.swift in Sources */ = {isa = PBXBuildFile; fileRef = FR0102 /* AppMode.swift */; };
		BF0103 /* ButtonCombo.swift in Sources */ = {isa = PBXBuildFile; fileRef = FR0103 /* ButtonCombo.swift */; };
		BF0104 /* GamepadButton.swift in Sources */ = {isa = PBXBuildFile; fileRef = FR0104 /* GamepadButton.swift */; };
		BF0105 /* KeyCode.swift in Sources */ = {isa = PBXBuildFile; fileRef = SK0105 /* KeyCode.swift */; };
		BF0106 /* Logging.swift in Sources */ = {isa = PBXBuildFile; fileRef = FR0106 /* Logging.swift */; };
		BF0107 /* ModeRegistry.swift in Sources */ = {isa = PBXBuildFile; fileRef = FR0107 /* ModeRegistry.swift */; };
		BF0201 /* ControllerManager.swift in Sources */ = {isa = PBXBuildFile; fileRef = FR0201 /* ControllerManager.swift */; };
		BF0301 /* AppDetector.swift in Sources */ = {isa = PBXBuildFile; fileRef = FR0301 /* AppDetector.swift */; };
		BF0401 /* AppleScriptExecutor.swift in Sources */ = {isa = PBXBuildFile; fileRef = FR0401 /* AppleScriptExecutor.swift */; };
		BF0402 /* KeystrokeExecutor.swift in Sources */ = {isa = PBXBuildFile; fileRef = FR0402 /* KeystrokeExecutor.swift */; };
		BF0501 /* BrowserMode.swift in Sources */ = {isa = PBXBuildFile; fileRef = FR0501 /* BrowserMode.swift */; };
		BF0502 /* GlobalMode.swift in Sources */ = {isa = PBXBuildFile; fileRef = FR0502 /* GlobalMode.swift */; };
		BF0503 /* ObsidianMode.swift in Sources */ = {isa = PBXBuildFile; fileRef = FR0503 /* ObsidianMode.swift */; };
		BF0504 /* SpotifyMode.swift in Sources */ = {isa = PBXBuildFile; fileRef = FR0504 /* SpotifyMode.swift */; };
		BF0601 /* ActionRouter.swift in Sources */ = {isa = PBXBuildFile; fileRef = FR0601 /* ActionRouter.swift */; };
		BF0701 /* MenuBarController.swift in Sources */ = {isa = PBXBuildFile; fileRef = FR0701 /* MenuBarController.swift */; };
		BF0702 /* OverlayWindow.swift in Sources */ = {isa = PBXBuildFile; fileRef = FR0702 /* OverlayWindow.swift */; };
		BFFC01 /* GameController.framework in Frameworks */ = {isa = PBXBuildFile; fileRef = FRFC01 /* GameController.framework */; };
/* End PBXBuildFile section */

/* Begin PBXFileReference section */
		FR0001 /* AppDelegate.swift */ = {isa = PBXFileReference; lastKnownFileType = sourcecode.swift; path = AppDelegate.swift; sourceTree = "<group>"; };
		FR0002 /* Constants.swift */ = {isa = PBXFileReference; lastKnownFileType = sourcecode.swift; path = Constants.swift; sourceTree = "<group>"; };
		FR0101 /* Action.swift */ = {isa = PBXFileReference; lastKnownFileType = sourcecode.swift; path = Action.swift; sourceTree = "<group>"; };
		FR0102 /* AppMode.swift */ = {isa = PBXFileReference; lastKnownFileType = sourcecode.swift; path = AppMode.swift; sourceTree = "<group>"; };
		FR0103 /* ButtonCombo.swift */ = {isa = PBXFileReference; lastKnownFileType = sourcecode.swift; path = ButtonCombo.swift; sourceTree = "<group>"; };
		FR0104 /* GamepadButton.swift */ = {isa = PBXFileReference; lastKnownFileType = sourcecode.swift; path = GamepadButton.swift; sourceTree = "<group>"; };
		SK0105 /* KeyCode.swift */ = {isa = PBXFileReference; lastKnownFileType = sourcecode.swift; path = KeyCode.swift; sourceTree = "<group>"; };
		FR0106 /* Logging.swift */ = {isa = PBXFileReference; lastKnownFileType = sourcecode.swift; path = Logging.swift; sourceTree = "<group>"; };
		FR0107 /* ModeRegistry.swift */ = {isa = PBXFileReference; lastKnownFileType = sourcecode.swift; path = ModeRegistry.swift; sourceTree = "<group>"; };
		FR0201 /* ControllerManager.swift */ = {isa = PBXFileReference; lastKnownFileType = sourcecode.swift; path = ControllerManager.swift; sourceTree = "<group>"; };
		FR0301 /* AppDetector.swift */ = {isa = PBXFileReference; lastKnownFileType = sourcecode.swift; path = AppDetector.swift; sourceTree = "<group>"; };
		FR0401 /* AppleScriptExecutor.swift */ = {isa = PBXFileReference; lastKnownFileType = sourcecode.swift; path = AppleScriptExecutor.swift; sourceTree = "<group>"; };
		FR0402 /* KeystrokeExecutor.swift */ = {isa = PBXFileReference; lastKnownFileType = sourcecode.swift; path = KeystrokeExecutor.swift; sourceTree = "<group>"; };
		FR0501 /* BrowserMode.swift */ = {isa = PBXFileReference; lastKnownFileType = sourcecode.swift; path = BrowserMode.swift; sourceTree = "<group>"; };
		FR0502 /* GlobalMode.swift */ = {isa = PBXFileReference; lastKnownFileType = sourcecode.swift; path = GlobalMode.swift; sourceTree = "<group>"; };
		FR0503 /* ObsidianMode.swift */ = {isa = PBXFileReference; lastKnownFileType = sourcecode.swift; path = ObsidianMode.swift; sourceTree = "<group>"; };
		FR0504 /* SpotifyMode.swift */ = {isa = PBXFileReference; lastKnownFileType = sourcecode.swift; path = SpotifyMode.swift; sourceTree = "<group>"; };
		FR0601 /* ActionRouter.swift */ = {isa = PBXFileReference; lastKnownFileType = sourcecode.swift; path = ActionRouter.swift; sourceTree = "<group>"; };
		FR0701 /* MenuBarController.swift */ = {isa = PBXFileReference; lastKnownFileType = sourcecode.swift; path = MenuBarController.swift; sourceTree = "<group>"; };
		FR0702 /* OverlayWindow.swift */ = {isa = PBXFileReference; lastKnownFileType = sourcecode.swift; path = OverlayWindow.swift; sourceTree = "<group>"; };
		FR8001 /* Info.plist */ = {isa = PBXFileReference; lastKnownFileType = text.plist.xml; path = Info.plist; sourceTree = "<group>"; };
		FR8002 /* Info-Debug.plist */ = {isa = PBXFileReference; lastKnownFileType = text.plist.xml; path = "Info-Debug.plist"; sourceTree = "<group>"; };
		FRFC01 /* GameController.framework */ = {isa = PBXFileReference; lastKnownFileType = wrapper.framework; name = GameController.framework; path = System/Library/Frameworks/GameController.framework; sourceTree = SDKROOT; };
		PRD001 /* PocketStudyRemote.app */ = {isa = PBXFileReference; explicitFileType = wrapper.application; includeInIndex = 0; path = PocketStudyRemote.app; sourceTree = BUILT_PRODUCTS_DIR; };
/* End PBXFileReference section */

/* Begin PBXFrameworksBuildPhase section */
		FP0001 /* Frameworks */ = {
			isa = PBXFrameworksBuildPhase;
			buildActionMask = 2147483647;
			files = (
				BFFC01 /* GameController.framework in Frameworks */,
			);
			runOnlyForDeploymentPostprocessing = 0;
		};
/* End PBXFrameworksBuildPhase section */

/* Begin PBXGroup section */
		G00001 = {
			isa = PBXGroup;
			children = (
				G00002 /* PocketStudyRemote */,
				G00999 /* Products */,
			);
			sourceTree = "<group>";
		};
		G00002 /* PocketStudyRemote */ = {
			isa = PBXGroup;
			children = (
				FR0001 /* AppDelegate.swift */,
				FR0002 /* Constants.swift */,
				G01000 /* Core */,
				G02000 /* Controller */,
				G03000 /* Detection */,
				G04000 /* Executors */,
				G05000 /* Modes */,
				G06000 /* Routing */,
				G07000 /* UI */,
				G08000 /* Resources */,
			);
			path = "";
			sourceTree = "<group>";
		};
		G01000 /* Core */ = {
			isa = PBXGroup;
			children = (
				FR0101 /* Action.swift */,
				FR0102 /* AppMode.swift */,
				FR0103 /* ButtonCombo.swift */,
				FR0104 /* GamepadButton.swift */,
				SK0105 /* KeyCode.swift */,
				FR0106 /* Logging.swift */,
				FR0107 /* ModeRegistry.swift */,
			);
			path = Core;
			sourceTree = "<group>";
		};
		G02000 /* Controller */ = {
			isa = PBXGroup;
			children = (
				FR0201 /* ControllerManager.swift */,
			);
			path = Controller;
			sourceTree = "<group>";
		};
		G03000 /* Detection */ = {
			isa = PBXGroup;
			children = (
				FR0301 /* AppDetector.swift */,
			);
			path = Detection;
			sourceTree = "<group>";
		};
		G04000 /* Executors */ = {
			isa = PBXGroup;
			children = (
				FR0401 /* AppleScriptExecutor.swift */,
				FR0402 /* KeystrokeExecutor.swift */,
			);
			path = Executors;
			sourceTree = "<group>";
		};
		G05000 /* Modes */ = {
			isa = PBXGroup;
			children = (
				FR0501 /* BrowserMode.swift */,
				FR0502 /* GlobalMode.swift */,
				FR0503 /* ObsidianMode.swift */,
				FR0504 /* SpotifyMode.swift */,
			);
			path = Modes;
			sourceTree = "<group>";
		};
		G06000 /* Routing */ = {
			isa = PBXGroup;
			children = (
				FR0601 /* ActionRouter.swift */,
			);
			path = Routing;
			sourceTree = "<group>";
		};
		G07000 /* UI */ = {
			isa = PBXGroup;
			children = (
				FR0701 /* MenuBarController.swift */,
				FR0702 /* OverlayWindow.swift */,
			);
			path = UI;
			sourceTree = "<group>";
		};
		G08000 /* Resources */ = {
			isa = PBXGroup;
			children = (
				FR8001 /* Info.plist */,
				FR8002 /* Info-Debug.plist */,
			);
			path = Resources;
			sourceTree = "<group>";
		};
		G00999 /* Products */ = {
			isa = PBXGroup;
			children = (
				PRD001 /* PocketStudyRemote.app */,
			);
			name = Products;
			sourceTree = "<group>";
		};
/* End PBXGroup section */

/* Begin PBXNativeTarget section */
		NT0001 /* PocketStudyRemote */ = {
			isa = PBXNativeTarget;
			buildConfigurationList = BCL002 /* Build configuration list for PBXNativeTarget "PocketStudyRemote" */;
			buildPhases = (
				SP0001 /* Sources */,
				FP0001 /* Frameworks */,
			);
			buildRules = (
			);
			dependencies = (
			);
			name = PocketStudyRemote;
			productName = PocketStudyRemote;
			productReference = PRD001 /* PocketStudyRemote.app */;
			productType = "com.apple.product-type.application";
		};
/* End PBXNativeTarget section */

/* Begin PBXProject section */
		PJ0001 /* Project object */ = {
			isa = PBXProject;
			attributes = {
				BuildIndependentTargetsInParallel = 1;
				LastSwiftUpdateCheck = 1640;
				LastUpgradeCheck = 1640;
				TargetAttributes = {
					NT0001 = {
						CreatedOnToolsVersion = 16.4;
					};
				};
			};
			buildConfigurationList = BCL001 /* Build configuration list for PBXProject "PocketStudyRemote" */;
			compatibilityVersion = "Xcode 14.0";
			developmentRegion = en;
			hasScannedForEncodings = 0;
			knownRegions = (
				en,
				Base,
			);
			mainGroup = G00001;
			productRefGroup = G00999 /* Products */;
			projectDirPath = "";
			projectRoot = "";
			targets = (
				NT0001 /* PocketStudyRemote */,
			);
		};
/* End PBXProject section */

/* Begin PBXSourcesBuildPhase section */
		SP0001 /* Sources */ = {
			isa = PBXSourcesBuildPhase;
			buildActionMask = 2147483647;
			files = (
				BF0001 /* AppDelegate.swift in Sources */,
				BF0002 /* Constants.swift in Sources */,
				BF0101 /* Action.swift in Sources */,
				BF0102 /* AppMode.swift in Sources */,
				BF0103 /* ButtonCombo.swift in Sources */,
				BF0104 /* GamepadButton.swift in Sources */,
				BF0105 /* KeyCode.swift in Sources */,
				BF0106 /* Logging.swift in Sources */,
				BF0107 /* ModeRegistry.swift in Sources */,
				BF0201 /* ControllerManager.swift in Sources */,
				BF0301 /* AppDetector.swift in Sources */,
				BF0401 /* AppleScriptExecutor.swift in Sources */,
				BF0402 /* KeystrokeExecutor.swift in Sources */,
				BF0501 /* BrowserMode.swift in Sources */,
				BF0502 /* GlobalMode.swift in Sources */,
				BF0503 /* ObsidianMode.swift in Sources */,
				BF0504 /* SpotifyMode.swift in Sources */,
				BF0601 /* ActionRouter.swift in Sources */,
				BF0701 /* MenuBarController.swift in Sources */,
				BF0702 /* OverlayWindow.swift in Sources */,
			);
			runOnlyForDeploymentPostprocessing = 0;
		};
/* End PBXSourcesBuildPhase section */

/* Begin XCBuildConfiguration section */
		XCC001 /* Debug */ = {
			isa = XCBuildConfiguration;
			buildSettings = {
				ALWAYS_SEARCH_USER_PATHS = NO;
				ASSETCATALOG_COMPILER_GENERATE_SWIFT_ASSET_SYMBOL_EXTENSIONS = YES;
				CLANG_ANALYZER_NONNULL = YES;
				CLANG_ANALYZER_NUMBER_OBJECT_CONVERSION = YES_AGGRESSIVE;
				CLANG_CXX_LANGUAGE_STANDARD = "gnu++20";
				CLANG_ENABLE_MODULES = YES;
				CLANG_ENABLE_OBJC_ARC = YES;
				CLANG_ENABLE_OBJC_WEAK = YES;
				CLANG_WARN_BLOCK_CAPTURE_AUTORELEASING = YES;
				CLANG_WARN_BOOL_CONVERSION = YES;
				CLANG_WARN_COMMA = YES;
				CLANG_WARN_CONSTANT_CONVERSION = YES;
				CLANG_WARN_DEPRECATED_OBJC_IMPLEMENTATIONS = YES;
				CLANG_WARN_DIRECT_OBJC_ISA_USAGE = YES_ERROR;
				CLANG_WARN_DOCUMENTATION_COMMENTS = YES;
				CLANG_WARN_EMPTY_BODY = YES;
				CLANG_WARN_ENUM_CONVERSION = YES;
				CLANG_WARN_INFINITE_RECURSION = YES;
				CLANG_WARN_INT_CONVERSION = YES;
				CLANG_WARN_NON_LITERAL_NULL_CONVERSION = YES;
				CLANG_WARN_OBJC_IMPLICIT_RETAIN_SELF = YES;
				CLANG_WARN_OBJC_LITERAL_CONVERSION = YES;
				CLANG_WARN_OBJC_ROOT_CLASS = YES_ERROR;
				CLANG_WARN_QUOTED_INCLUDE_IN_FRAMEWORK_HEADER = YES;
				CLANG_WARN_RANGE_LOOP_ANALYSIS = YES;
				CLANG_WARN_STRICT_PROTOTYPES = YES;
				CLANG_WARN_SUSPICIOUS_MOVE = YES;
				CLANG_WARN_UNGUARDED_AVAILABILITY = YES_AGGRESSIVE;
				CLANG_WARN_UNREACHABLE_CODE = YES;
				CLANG_WARN__DUPLICATE_METHOD_MATCH = YES;
				COPY_PHASE_STRIP = NO;
				DEBUG_INFORMATION_FORMAT = dwarf;
				ENABLE_STRICT_OBJC_MSGSEND = YES;
				ENABLE_TESTABILITY = YES;
				ENABLE_USER_SCRIPT_SANDBOXING = YES;
				GCC_C_LANGUAGE_STANDARD = gnu17;
				GCC_DYNAMIC_NO_PIC = NO;
				GCC_NO_COMMON_BLOCKS = YES;
				GCC_OPTIMIZATION_LEVEL = 0;
				GCC_PREPROCESSOR_DEFINITIONS = (
					"DEBUG=1",
					"$(inherited)",
				);
				GCC_WARN_64_TO_32_BIT_CONVERSION = YES;
				GCC_WARN_ABOUT_RETURN_TYPE = YES_ERROR;
				GCC_WARN_UNDECLARED_SELECTOR = YES;
				GCC_WARN_UNINITIALIZED_AUTOS = YES_AGGRESSIVE;
				GCC_WARN_UNUSED_FUNCTION = YES;
				GCC_WARN_UNUSED_VARIABLE = YES;
				LOCALIZATION_PREFERS_STRING_CATALOGS = YES;
				MACOSX_DEPLOYMENT_TARGET = 13.0;
				MTL_ENABLE_DEBUG_INFO = INCLUDE_SOURCE;
				MTL_FAST_MATH = YES;
				ONLY_ACTIVE_ARCH = YES;
				SDKROOT = macosx;
				SWIFT_ACTIVE_COMPILATION_CONDITIONS = "DEBUG $(inherited)";
				SWIFT_OPTIMIZATION_LEVEL = "-Onone";
			};
			name = Debug;
		};
		XCC002 /* Release */ = {
			isa = XCBuildConfiguration;
			buildSettings = {
				ALWAYS_SEARCH_USER_PATHS = NO;
				ASSETCATALOG_COMPILER_GENERATE_SWIFT_ASSET_SYMBOL_EXTENSIONS = YES;
				CLANG_ANALYZER_NONNULL = YES;
				CLANG_ANALYZER_NUMBER_OBJECT_CONVERSION = YES_AGGRESSIVE;
				CLANG_CXX_LANGUAGE_STANDARD = "gnu++20";
				CLANG_ENABLE_MODULES = YES;
				CLANG_ENABLE_OBJC_ARC = YES;
				CLANG_ENABLE_OBJC_WEAK = YES;
				CLANG_WARN_BLOCK_CAPTURE_AUTORELEASING = YES;
				CLANG_WARN_BOOL_CONVERSION = YES;
				CLANG_WARN_COMMA = YES;
				CLANG_WARN_CONSTANT_CONVERSION = YES;
				CLANG_WARN_DEPRECATED_OBJC_IMPLEMENTATIONS = YES;
				CLANG_WARN_DIRECT_OBJC_ISA_USAGE = YES_ERROR;
				CLANG_WARN_DOCUMENTATION_COMMENTS = YES;
				CLANG_WARN_EMPTY_BODY = YES;
				CLANG_WARN_ENUM_CONVERSION = YES;
				CLANG_WARN_INFINITE_RECURSION = YES;
				CLANG_WARN_INT_CONVERSION = YES;
				CLANG_WARN_NON_LITERAL_NULL_CONVERSION = YES;
				CLANG_WARN_OBJC_IMPLICIT_RETAIN_SELF = YES;
				CLANG_WARN_OBJC_LITERAL_CONVERSION = YES;
				CLANG_WARN_OBJC_ROOT_CLASS = YES_ERROR;
				CLANG_WARN_QUOTED_INCLUDE_IN_FRAMEWORK_HEADER = YES;
				CLANG_WARN_RANGE_LOOP_ANALYSIS = YES;
				CLANG_WARN_STRICT_PROTOTYPES = YES;
				CLANG_WARN_SUSPICIOUS_MOVE = YES;
				CLANG_WARN_UNGUARDED_AVAILABILITY = YES_AGGRESSIVE;
				CLANG_WARN_UNREACHABLE_CODE = YES;
				CLANG_WARN__DUPLICATE_METHOD_MATCH = YES;
				COPY_PHASE_STRIP = NO;
				DEBUG_INFORMATION_FORMAT = "dwarf-with-dsym";
				ENABLE_NS_ASSERTIONS = NO;
				ENABLE_STRICT_OBJC_MSGSEND = YES;
				ENABLE_USER_SCRIPT_SANDBOXING = YES;
				GCC_C_LANGUAGE_STANDARD = gnu17;
				GCC_NO_COMMON_BLOCKS = YES;
				GCC_WARN_64_TO_32_BIT_CONVERSION = YES;
				GCC_WARN_ABOUT_RETURN_TYPE = YES_ERROR;
				GCC_WARN_UNDECLARED_SELECTOR = YES;
				GCC_WARN_UNINITIALIZED_AUTOS = YES_AGGRESSIVE;
				GCC_WARN_UNUSED_FUNCTION = YES;
				GCC_WARN_UNUSED_VARIABLE = YES;
				LOCALIZATION_PREFERS_STRING_CATALOGS = YES;
				MACOSX_DEPLOYMENT_TARGET = 13.0;
				MTL_ENABLE_DEBUG_INFO = NO;
				MTL_FAST_MATH = YES;
				SDKROOT = macosx;
				SWIFT_COMPILATION_MODE = wholemodule;
			};
			name = Release;
		};
		XCC003 /* Debug */ = {
			isa = XCBuildConfiguration;
			buildSettings = {
				CODE_SIGN_ENTITLEMENTS = "";
				CODE_SIGN_STYLE = Automatic;
				COMBINE_HIDPI_IMAGES = YES;
				CURRENT_PROJECT_VERSION = 1;
				DEVELOPMENT_TEAM = "";
				ENABLE_APP_SANDBOX = NO;
				ENABLE_HARDENED_RUNTIME = YES;
				GENERATE_INFOPLIST_FILE = NO;
				INFOPLIST_FILE = "$(SRCROOT)/Resources/Info-Debug.plist";
				INFOPLIST_KEY_NSHumanReadableCopyright = "";
				LD_RUNPATH_SEARCH_PATHS = (
					"$(inherited)",
					"@executable_path/../Frameworks",
				);
				MARKETING_VERSION = 1.0.0;
				PRODUCT_BUNDLE_IDENTIFIER = com.yourname.pocketstudyremote;
				PRODUCT_NAME = "$(TARGET_NAME)";
				SWIFT_EMIT_LOC_STRINGS = YES;
				SWIFT_VERSION = 5.0;
			};
			name = Debug;
		};
		XCC004 /* Release */ = {
			isa = XCBuildConfiguration;
			buildSettings = {
				CODE_SIGN_ENTITLEMENTS = "";
				CODE_SIGN_STYLE = Automatic;
				COMBINE_HIDPI_IMAGES = YES;
				CURRENT_PROJECT_VERSION = 1;
				DEVELOPMENT_TEAM = "";
				ENABLE_APP_SANDBOX = NO;
				ENABLE_HARDENED_RUNTIME = YES;
				GENERATE_INFOPLIST_FILE = NO;
				INFOPLIST_FILE = "$(SRCROOT)/Resources/Info.plist";
				INFOPLIST_KEY_NSHumanReadableCopyright = "";
				LD_RUNPATH_SEARCH_PATHS = (
					"$(inherited)",
					"@executable_path/../Frameworks",
				);
				MARKETING_VERSION = 1.0.0;
				PRODUCT_BUNDLE_IDENTIFIER = com.yourname.pocketstudyremote;
				PRODUCT_NAME = "$(TARGET_NAME)";
				SWIFT_EMIT_LOC_STRINGS = YES;
				SWIFT_VERSION = 5.0;
			};
			name = Release;
		};
/* End XCBuildConfiguration section */

/* Begin XCConfigurationList section */
		BCL001 /* Build configuration list for PBXProject "PocketStudyRemote" */ = {
			isa = XCConfigurationList;
			buildConfigurations = (
				XCC001 /* Debug */,
				XCC002 /* Release */,
			);
			defaultConfigurationIsVisible = 0;
			defaultConfigurationName = Release;
		};
		BCL002 /* Build configuration list for PBXNativeTarget "PocketStudyRemote" */ = {
			isa = XCConfigurationList;
			buildConfigurations = (
				XCC003 /* Debug */,
				XCC004 /* Release */,
			);
			defaultConfigurationIsVisible = 0;
			defaultConfigurationName = Release;
		};
/* End XCConfigurationList section */
	};
	rootObject = PJ0001 /* Project object */;
}
